PODS:
  - DCPathButton (2.1.4)

DEPENDENCIES:
  - DCPathButton (from `../DCPathButton.podspec`)

EXTERNAL SOURCES:
  DCPathButton:
    :path: "../DCPathButton.podspec"

SPEC CHECKSUMS:
  DCPathButton: 99c8211ef3eafc3b438c917a4c7b4502fa77eee7

PODFILE CHECKSUM: 7e399311c08aaab6283fb8d2d95eb2e7b99b3654

COCOAPODS: 1.2.0
